
Microsoft Visual Studio Solution File, Format Version 12.00
# Visual Studio Version 17
VisualStudioVersion = 17.5.33530.505
MinimumVisualStudioVersion = 10.0.40219.1
Project("{9A19103F-16F7-4668-BE54-9A1E7A4F7556}") = "BankApplication.Domain", "Domain\BankApplication.Domain.csproj", "{2B0442D6-8882-43BF-958F-3B888D2FCB9A}"
EndProject
Project("{9A19103F-16F7-4668-BE54-9A1E7A4F7556}") = "BankApplication.Infrastructure", "Infrastructure\BankApplication.Infrastructure.csproj", "{DFBC31F0-FBC3-49C9-AACD-7CB4591B3510}"
EndProject
Project("{9A19103F-16F7-4668-BE54-9A1E7A4F7556}") = "BankApplication.Api", "Api\BankApplication.Api.csproj", "{198C9672-3002-4502-816C-2D9CA4CA7CEC}"
EndProject
Project("{9A19103F-16F7-4668-BE54-9A1E7A4F7556}") = "BankApplication.UnitTests", "BankApplication.UnitTests\BankApplication.UnitTests.csproj", "{C296007E-1AC1-4660-9C23-843C8780BC7F}"
EndProject
Project("{2150E333-8FDC-42A3-9474-1A3956D46DE8}") = "Solution Items", "Solution Items", "{AD3E4753-4301-4977-94F5-EBA5E0FD3A54}"
	ProjectSection(SolutionItems) = preProject
		.gitignore = .gitignore
	EndProjectSection
EndProject
Global
	GlobalSection(SolutionConfigurationPlatforms) = preSolution
		Debug|Any CPU = Debug|Any CPU
		Release|Any CPU = Release|Any CPU
	EndGlobalSection
	GlobalSection(ProjectConfigurationPlatforms) = postSolution
		{2B0442D6-8882-43BF-958F-3B888D2FCB9A}.Debug|Any CPU.ActiveCfg = Debug|Any CPU
		{2B0442D6-8882-43BF-958F-3B888D2FCB9A}.Debug|Any CPU.Build.0 = Debug|Any CPU
		{2B0442D6-8882-43BF-958F-3B888D2FCB9A}.Release|Any CPU.ActiveCfg = Release|Any CPU
		{2B0442D6-8882-43BF-958F-3B888D2FCB9A}.Release|Any CPU.Build.0 = Release|Any CPU
		{DFBC31F0-FBC3-49C9-AACD-7CB4591B3510}.Debug|Any CPU.ActiveCfg = Debug|Any CPU
		{DFBC31F0-FBC3-49C9-AACD-7CB4591B3510}.Debug|Any CPU.Build.0 = Debug|Any CPU
		{DFBC31F0-FBC3-49C9-AACD-7CB4591B3510}.Release|Any CPU.ActiveCfg = Release|Any CPU
		{DFBC31F0-FBC3-49C9-AACD-7CB4591B3510}.Release|Any CPU.Build.0 = Release|Any CPU
		{198C9672-3002-4502-816C-2D9CA4CA7CEC}.Debug|Any CPU.ActiveCfg = Debug|Any CPU
		{198C9672-3002-4502-816C-2D9CA4CA7CEC}.Debug|Any CPU.Build.0 = Debug|Any CPU
		{198C9672-3002-4502-816C-2D9CA4CA7CEC}.Release|Any CPU.ActiveCfg = Release|Any CPU
		{198C9672-3002-4502-816C-2D9CA4CA7CEC}.Release|Any CPU.Build.0 = Release|Any CPU
		{C296007E-1AC1-4660-9C23-843C8780BC7F}.Debug|Any CPU.ActiveCfg = Debug|Any CPU
		{C296007E-1AC1-4660-9C23-843C8780BC7F}.Debug|Any CPU.Build.0 = Debug|Any CPU
		{C296007E-1AC1-4660-9C23-843C8780BC7F}.Release|Any CPU.ActiveCfg = Release|Any CPU
		{C296007E-1AC1-4660-9C23-843C8780BC7F}.Release|Any CPU.Build.0 = Release|Any CPU
	EndGlobalSection
	GlobalSection(SolutionProperties) = preSolution
		HideSolutionNode = FALSE
	EndGlobalSection
	GlobalSection(ExtensibilityGlobals) = postSolution
		SolutionGuid = {377CA203-9E13-4901-A800-61A7CF90EACC}
	EndGlobalSection
EndGlobal
